
Microsoft Visual Studio Solution File, Format Version 12.00
# Visual Studio Version 16
VisualStudioVersion = 16.0.32002.261
MinimumVisualStudioVersion = 10.0.40219.1
Project("{FAE04EC0-301F-11D3-BF4B-00C04F79EFBC}") = "BeatSaberMusical_bhaptics", "BeatSaberMusical_bhaptics.csproj", "{4A6186D2-6450-495E-84DE-7D08AEBB0D37}"
EndProject
Global
	GlobalSection(SolutionConfigurationPlatforms) = preSolution
		Debug|Any CPU = Debug|Any CPU
		Release|Any CPU = Release|Any CPU
	EndGlobalSection
	GlobalSection(ProjectConfigurationPlatforms) = postSolution
		{4A6186D2-6450-495E-84DE-7D08AEBB0D37}.Debug|Any CPU.ActiveCfg = Debug|Any CPU
		{4A6186D2-6450-495E-84DE-7D08AEBB0D37}.Debug|Any CPU.Build.0 = Debug|Any CPU
		{4A6186D2-6450-495E-84DE-7D08AEBB0D37}.Release|Any CPU.ActiveCfg = Release|Any CPU
		{4A6186D2-6450-495E-84DE-7D08AEBB0D37}.Release|Any CPU.Build.0 = Release|Any CPU
	EndGlobalSection
	GlobalSection(SolutionProperties) = preSolution
		HideSolutionNode = FALSE
	EndGlobalSection
	GlobalSection(ExtensibilityGlobals) = postSolution
		SolutionGuid = {4A2DDE42-203B-4BC6-83BD-EB5FAF19CEC6}
	EndGlobalSection
EndGlobal
